// !$*UTF8*$!
{
	archiveVersion = 1;
	classes = {
	};
	objectVersion = 50;
	objects = {

/* Begin PBXBuildFile section */
		2744B33924411BE000BF5501 /* AppDelegate.swift in Sources */ = {isa = PBXBuildFile; fileRef = 2744B33824411BE000BF5501 /* AppDelegate.swift */; };
		2744B33B24411BE000BF5501 /* SceneDelegate.swift in Sources */ = {isa = PBXBuildFile; fileRef = 2744B33A24411BE000BF5501 /* SceneDelegate.swift */; };
		2744B33D24411BE000BF5501 /* ViewController.swift in Sources */ = {isa = PBXBuildFile; fileRef = 2744B33C24411BE000BF5501 /* ViewController.swift */; };
		2744B34024411BE000BF5501 /* Main.storyboard in Resources */ = {isa = PBXBuildFile; fileRef = 2744B33E24411BE000BF5501 /* Main.storyboard */; };
		2744B34224411C1D00BF5501 /* Assets.xcassets in Resources */ = {isa = PBXBuildFile; fileRef = 2744B34124411C1D00BF5501 /* Assets.xcassets */; };
		2744B34524411C1D00BF5501 /* LaunchScreen.storyboard in Resources */ = {isa = PBXBuildFile; fileRef = 2744B34324411C1D00BF5501 /* LaunchScreen.storyboard */; };
		2744B34D2443984B00BF5501 /* Meme.swift in Sources */ = {isa = PBXBuildFile; fileRef = 2744B34C2443984B00BF5501 /* Meme.swift */; };
		27C23A0624731C6700503230 /* MemeDetailViewController.swift in Sources */ = {isa = PBXBuildFile; fileRef = 27C23A0524731C6700503230 /* MemeDetailViewController.swift */; };
		27C23A0824732ABE00503230 /* MemeCollectionViewController.swift in Sources */ = {isa = PBXBuildFile; fileRef = 27C23A0724732ABE00503230 /* MemeCollectionViewController.swift */; };
		27C23A0A2473413900503230 /* MemeCollectionViewCell.swift in Sources */ = {isa = PBXBuildFile; fileRef = 27C23A092473413900503230 /* MemeCollectionViewCell.swift */; };
		27FA3E61245E068B00CD430E /* MemeTableViewController.swift in Sources */ = {isa = PBXBuildFile; fileRef = 27FA3E60245E068B00CD430E /* MemeTableViewController.swift */; };
/* End PBXBuildFile section */

/* Begin PBXFileReference section */
		2744B33524411BE000BF5501 /* MemeProject.app */ = {isa = PBXFileReference; explicitFileType = wrapper.application; includeInIndex = 0; path = MemeProject.app; sourceTree = BUILT_PRODUCTS_DIR; };
		2744B33824411BE000BF5501 /* AppDelegate.swift */ = {isa = PBXFileReference; lastKnownFileType = sourcecode.swift; path = AppDelegate.swift; sourceTree = "<group>"; };
		2744B33A24411BE000BF5501 /* SceneDelegate.swift */ = {isa = PBXFileReference; lastKnownFileType = sourcecode.swift; path = SceneDelegate.swift; sourceTree = "<group>"; };
		2744B33C24411BE000BF5501 /* ViewController.swift */ = {isa = PBXFileReference; lastKnownFileType = sourcecode.swift; path = ViewController.swift; sourceTree = "<group>"; };
		2744B33F24411BE000BF5501 /* Base */ = {isa = PBXFileReference; lastKnownFileType = file.storyboard; name = Base; path = Base.lproj/Main.storyboard; sourceTree = "<group>"; };
		2744B34124411C1D00BF5501 /* Assets.xcassets */ = {isa = PBXFileReference; lastKnownFileType = folder.assetcatalog; path = Assets.xcassets; sourceTree = "<group>"; };
		2744B34424411C1D00BF5501 /* Base */ = {isa = PBXFileReference; lastKnownFileType = file.storyboard; name = Base; path = Base.lproj/LaunchScreen.storyboard; sourceTree = "<group>"; };
		2744B34624411C1D00BF5501 /* Info.plist */ = {isa = PBXFileReference; lastKnownFileType = text.plist.xml; path = Info.plist; sourceTree = "<group>"; };
		2744B34C2443984B00BF5501 /* Meme.swift */ = {isa = PBXFileReference; lastKnownFileType = sourcecode.swift; path = Meme.swift; sourceTree = "<group>"; };
		27C23A0524731C6700503230 /* MemeDetailViewController.swift */ = {isa = PBXFileReference; lastKnownFileType = sourcecode.swift; path = MemeDetailViewController.swift; sourceTree = "<group>"; };
		27C23A0724732ABE00503230 /* MemeCollectionViewController.swift */ = {isa = PBXFileReference; lastKnownFileType = sourcecode.swift; path = MemeCollectionViewController.swift; sourceTree = "<group>"; };
		27C23A092473413900503230 /* MemeCollectionViewCell.swift */ = {isa = PBXFileReference; lastKnownFileType = sourcecode.swift; path = MemeCollectionViewCell.swift; sourceTree = "<group>"; };
		27FA3E60245E068B00CD430E /* MemeTableViewController.swift */ = {isa = PBXFileReference; lastKnownFileType = sourcecode.swift; path = MemeTableViewController.swift; sourceTree = "<group>"; };
/* End PBXFileReference section */

/* Begin PBXFrameworksBuildPhase section */
		2744B33224411BE000BF5501 /* Frameworks */ = {
			isa = PBXFrameworksBuildPhase;
			buildActionMask = 2147483647;
			files = (
			);
			runOnlyForDeploymentPostprocessing = 0;
		};
/* End PBXFrameworksBuildPhase section */

/* Begin PBXGroup section */
		2744B32C24411BE000BF5501 = {
			isa = PBXGroup;
			children = (
				2744B33724411BE000BF5501 /* MemeProject */,
				2744B33624411BE000BF5501 /* Products */,
			);
			sourceTree = "<group>";
		};
		2744B33624411BE000BF5501 /* Products */ = {
			isa = PBXGroup;
			children = (
				2744B33524411BE000BF5501 /* MemeProject.app */,
			);
			name = Products;
			sourceTree = "<group>";
		};
		2744B33724411BE000BF5501 /* MemeProject */ = {
			isa = PBXGroup;
			children = (
				2744B33824411BE000BF5501 /* AppDelegate.swift */,
				2744B33A24411BE000BF5501 /* SceneDelegate.swift */,
				2744B33C24411BE000BF5501 /* ViewController.swift */,
				2744B33E24411BE000BF5501 /* Main.storyboard */,
				27FA3E60245E068B00CD430E /* MemeTableViewController.swift */,
				2744B34124411C1D00BF5501 /* Assets.xcassets */,
				2744B34324411C1D00BF5501 /* LaunchScreen.storyboard */,
				2744B34624411C1D00BF5501 /* Info.plist */,
				2744B34C2443984B00BF5501 /* Meme.swift */,
				27C23A0524731C6700503230 /* MemeDetailViewController.swift */,
				27C23A0724732ABE00503230 /* MemeCollectionViewController.swift */,
				27C23A092473413900503230 /* MemeCollectionViewCell.swift */,
			);
			path = MemeProject;
			sourceTree = SOURCE_ROOT;
		};
/* End PBXGroup section */

/* Begin PBXNativeTarget section */
		2744B33424411BE000BF5501 /* MemeProject */ = {
			isa = PBXNativeTarget;
			buildConfigurationList = 2744B34924411C1D00BF5501 /* Build configuration list for PBXNativeTarget "MemeProject" */;
			buildPhases = (
				2744B33124411BE000BF5501 /* Sources */,
				2744B33224411BE000BF5501 /* Frameworks */,
				2744B33324411BE000BF5501 /* Resources */,
			);
			buildRules = (
			);
			dependencies = (
			);
			name = MemeProject;
			productName = MemeTestProject;
			productReference = 2744B33524411BE000BF5501 /* MemeProject.app */;
			productType = "com.apple.product-type.application";
		};
/* End PBXNativeTarget section */

/* Begin PBXProject section */
		2744B32D24411BE000BF5501 /* Project object */ = {
			isa = PBXProject;
			attributes = {
				LastSwiftUpdateCheck = 1140;
				LastUpgradeCheck = 1140;
				ORGANIZATIONNAME = "Mindworks Software Design, Inc.";
				TargetAttributes = {
					2744B33424411BE000BF5501 = {
						CreatedOnToolsVersion = 11.4;
					};
				};
			};
			buildConfigurationList = 2744B33024411BE000BF5501 /* Build configuration list for PBXProject "MemeProject" */;
			compatibilityVersion = "Xcode 9.3";
			developmentRegion = en;
			hasScannedForEncodings = 0;
			knownRegions = (
				en,
				Base,
			);
			mainGroup = 2744B32C24411BE000BF5501;
			productRefGroup = 2744B33624411BE000BF5501 /* Products */;
			projectDirPath = "";
			projectRoot = "";
			targets = (
				2744B33424411BE000BF5501 /* MemeProject */,
			);
		};
/* End PBXProject section */

/* Begin PBXResourcesBuildPhase section */
		2744B33324411BE000BF5501 /* Resources */ = {
			isa = PBXResourcesBuildPhase;
			buildActionMask = 2147483647;
			files = (
				2744B34524411C1D00BF5501 /* LaunchScreen.storyboard in Resources */,
				2744B34224411C1D00BF5501 /* Assets.xcassets in Resources */,
				2744B34024411BE000BF5501 /* Main.storyboard in Resources */,
			);
			runOnlyForDeploymentPostprocessing = 0;
		};
/* End PBXResourcesBuildPhase section */

/* Begin PBXSourcesBuildPhase section */
		2744B33124411BE000BF5501 /* Sources */ = {
			isa = PBXSourcesBuildPhase;
			buildActionMask = 2147483647;
			files = (
				2744B33D24411BE000BF5501 /* ViewController.swift in Sources */,
				2744B34D2443984B00BF5501 /* Meme.swift in Sources */,
				27C23A0A2473413900503230 /* MemeCollectionViewCell.swift in Sources */,
				2744B33924411BE000BF5501 /* AppDelegate.swift in Sources */,
				27C23A0624731C6700503230 /* MemeDetailViewController.swift in Sources */,
				27C23A0824732ABE00503230 /* MemeCollectionViewController.swift in Sources */,
				27FA3E61245E068B00CD430E /* MemeTableViewController.swift in Sources */,
				2744B33B24411BE000BF5501 /* SceneDelegate.swift in Sources */,
			);
			runOnlyForDeploymentPostprocessing = 0;
		};
/* End PBXSourcesBuildPhase section */

/* Begin PBXVariantGroup section */
		2744B33E24411BE000BF5501 /* Main.storyboard */ = {
			isa = PBXVariantGroup;
			children = (
				2744B33F24411BE000BF5501 /* Base */,
			);
			name = Main.storyboard;
			sourceTree = "<group>";
		};
		2744B34324411C1D00BF5501 /* LaunchScreen.storyboard */ = {
			isa = PBXVariantGroup;
			children = (
				2744B34424411C1D00BF5501 /* Base */,
			);
			name = LaunchScreen.storyboard;
			sourceTree = "<group>";
		};
/* End PBXVariantGroup section */

/* Begin XCBuildConfiguration section */
		2744B34724411C1D00BF5501 /* Debug */ = {
			isa = XCBuildConfiguration;
			buildSettings = {
				ALWAYS_SEARCH_USER_PATHS = NO;
				CLANG_ANALYZER_NONNULL = YES;
				CLANG_ANALYZER_NUMBER_OBJECT_CONVERSION = YES_AGGRESSIVE;
				CLANG_CXX_LANGUAGE_STANDARD = "gnu++14";
				CLANG_CXX_LIBRARY = "libc++";
				CLANG_ENABLE_MODULES = YES;
				CLANG_ENABLE_OBJC_ARC = YES;
				CLANG_ENABLE_OBJC_WEAK = YES;
				CLANG_WARN_BLOCK_CAPTURE_AUTORELEASING = YES;
				CLANG_WARN_BOOL_CONVERSION = YES;
				CLANG_WARN_COMMA = YES;
				CLANG_WARN_CONSTANT_CONVERSION = YES;
				CLANG_WARN_DEPRECATED_OBJC_IMPLEMENTATIONS = YES;
				CLANG_WARN_DIRECT_OBJC_ISA_USAGE = YES_ERROR;
				CLANG_WARN_DOCUMENTATION_COMMENTS = YES;
				CLANG_WARN_EMPTY_BODY = YES;
				CLANG_WARN_ENUM_CONVERSION = YES;
				CLANG_WARN_INFINITE_RECURSION = YES;
				CLANG_WARN_INT_CONVERSION = YES;
				CLANG_WARN_NON_LITERAL_NULL_CONVERSION = YES;
				CLANG_WARN_OBJC_IMPLICIT_RETAIN_SELF = YES;
				CLANG_WARN_OBJC_LITERAL_CONVERSION = YES;
				CLANG_WARN_OBJC_ROOT_CLASS = YES_ERROR;
				CLANG_WARN_RANGE_LOOP_ANALYSIS = YES;
				CLANG_WARN_STRICT_PROTOTYPES = YES;
				CLANG_WARN_SUSPICIOUS_MOVE = YES;
				CLANG_WARN_UNGUARDED_AVAILABILITY = YES_AGGRESSIVE;
				CLANG_WARN_UNREACHABLE_CODE = YES;
				CLANG_WARN__DUPLICATE_METHOD_MATCH = YES;
				COPY_PHASE_STRIP = NO;
				DEBUG_INFORMATION_FORMAT = dwarf;
				ENABLE_STRICT_OBJC_MSGSEND = YES;
				ENABLE_TESTABILITY = YES;
				GCC_C_LANGUAGE_STANDARD = gnu11;
				GCC_DYNAMIC_NO_PIC = NO;
				GCC_NO_COMMON_BLOCKS = YES;
				GCC_OPTIMIZATION_LEVEL = 0;
				GCC_PREPROCESSOR_DEFINITIONS = (
					"DEBUG=1",
					"$(inherited)",
				);
				GCC_WARN_64_TO_32_BIT_CONVERSION = YES;
				GCC_WARN_ABOUT_RETURN_TYPE = YES_ERROR;
				GCC_WARN_UNDECLARED_SELECTOR = YES;
				GCC_WARN_UNINITIALIZED_AUTOS = YES_AGGRESSIVE;
				GCC_WARN_UNUSED_FUNCTION = YES;
				GCC_WARN_UNUSED_VARIABLE = YES;
				IPHONEOS_DEPLOYMENT_TARGET = 13.4;
				MTL_ENABLE_DEBUG_INFO = INCLUDE_SOURCE;
				MTL_FAST_MATH = YES;
				ONLY_ACTIVE_ARCH = YES;
				SDKROOT = iphoneos;
				SWIFT_ACTIVE_COMPILATION_CONDITIONS = DEBUG;
				SWIFT_OPTIMIZATION_LEVEL = "-Onone";
			};
			name = Debug;
		};
		2744B34824411C1D00BF5501 /* Release */ = {
			isa = XCBuildConfiguration;
			buildSettings = {
				ALWAYS_SEARCH_USER_PATHS = NO;
				CLANG_ANALYZER_NONNULL = YES;
				CLANG_ANALYZER_NUMBER_OBJECT_CONVERSION = YES_AGGRESSIVE;
				CLANG_CXX_LANGUAGE_STANDARD = "gnu++14";
				CLANG_CXX_LIBRARY = "libc++";
				CLANG_ENABLE_MODULES = YES;
				CLANG_ENABLE_OBJC_ARC = YES;
				CLANG_ENABLE_OBJC_WEAK = YES;
				CLANG_WARN_BLOCK_CAPTURE_AUTORELEASING = YES;
				CLANG_WARN_BOOL_CONVERSION = YES;
				CLANG_WARN_COMMA = YES;
				CLANG_WARN_CONSTANT_CONVERSION = YES;
				CLANG_WARN_DEPRECATED_OBJC_IMPLEMENTATIONS = YES;
				CLANG_WARN_DIRECT_OBJC_ISA_USAGE = YES_ERROR;
				CLANG_WARN_DOCUMENTATION_COMMENTS = YES;
				CLANG_WARN_EMPTY_BODY = YES;
				CLANG_WARN_ENUM_CONVERSION = YES;
				CLANG_WARN_INFINITE_RECURSION = YES;
				CLANG_WARN_INT_CONVERSION = YES;
				CLANG_WARN_NON_LITERAL_NULL_CONVERSION = YES;
				CLANG_WARN_OBJC_IMPLICIT_RETAIN_SELF = YES;
				CLANG_WARN_OBJC_LITERAL_CONVERSION = YES;
				CLANG_WARN_OBJC_ROOT_CLASS = YES_ERROR;
				CLANG_WARN_RANGE_LOOP_ANALYSIS = YES;
				CLANG_WARN_STRICT_PROTOTYPES = YES;
				CLANG_WARN_SUSPICIOUS_MOVE = YES;
				CLANG_WARN_UNGUARDED_AVAILABILITY = YES_AGGRESSIVE;
				CLANG_WARN_UNREACHABLE_CODE = YES;
				CLANG_WARN__DUPLICATE_METHOD_MATCH = YES;
				COPY_PHASE_STRIP = NO;
				DEBUG_INFORMATION_FORMAT = "dwarf-with-dsym";
				ENABLE_NS_ASSERTIONS = NO;
				ENABLE_STRICT_OBJC_MSGSEND = YES;
				GCC_C_LANGUAGE_STANDARD = gnu11;
				GCC_NO_COMMON_BLOCKS = YES;
				GCC_WARN_64_TO_32_BIT_CONVERSION = YES;
				GCC_WARN_ABOUT_RETURN_TYPE = YES_ERROR;
				GCC_WARN_UNDECLARED_SELECTOR = YES;
				GCC_WARN_UNINITIALIZED_AUTOS = YES_AGGRESSIVE;
				GCC_WARN_UNUSED_FUNCTION = YES;
				GCC_WARN_UNUSED_VARIABLE = YES;
				IPHONEOS_DEPLOYMENT_TARGET = 13.4;
				MTL_ENABLE_DEBUG_INFO = NO;
				MTL_FAST_MATH = YES;
				SDKROOT = iphoneos;
				SWIFT_COMPILATION_MODE = wholemodule;
				SWIFT_OPTIMIZATION_LEVEL = "-O";
				VALIDATE_PRODUCT = YES;
			};
			name = Release;
		};
		2744B34A24411C1D00BF5501 /* Debug */ = {
			isa = XCBuildConfiguration;
			buildSettings = {
				ASSETCATALOG_COMPILER_APPICON_NAME = AppIcon;
				CODE_SIGN_STYLE = Automatic;
				DEVELOPMENT_TEAM = 7RYRW8EA47;
				INFOPLIST_FILE = "$(SRCROOT)/MemeProject/Info.plist";
				IPHONEOS_DEPLOYMENT_TARGET = 13.3;
				LD_RUNPATH_SEARCH_PATHS = (
					"$(inherited)",
					"@executable_path/Frameworks",
				);
				PRODUCT_BUNDLE_IDENTIFIER = com.mindworks.MemeTestProject;
				PRODUCT_NAME = "$(TARGET_NAME)";
				SWIFT_VERSION = 5.0;
				TARGETED_DEVICE_FAMILY = "1,2";
			};
			name = Debug;
		};
		2744B34B24411C1D00BF5501 /* Release */ = {
			isa = XCBuildConfiguration;
			buildSettings = {
				ASSETCATALOG_COMPILER_APPICON_NAME = AppIcon;
				CODE_SIGN_STYLE = Automatic;
				DEVELOPMENT_TEAM = 7RYRW8EA47;
				INFOPLIST_FILE = "$(SRCROOT)/MemeProject/Info.plist";
				IPHONEOS_DEPLOYMENT_TARGET = 13.3;
				LD_RUNPATH_SEARCH_PATHS = (
					"$(inherited)",
					"@executable_path/Frameworks",
				);
				PRODUCT_BUNDLE_IDENTIFIER = com.mindworks.MemeTestProject;
				PRODUCT_NAME = "$(TARGET_NAME)";
				SWIFT_VERSION = 5.0;
				TARGETED_DEVICE_FAMILY = "1,2";
			};
			name = Release;
		};
/* End XCBuildConfiguration section */

/* Begin XCConfigurationList section */
		2744B33024411BE000BF5501 /* Build configuration list for PBXProject "MemeProject" */ = {
			isa = XCConfigurationList;
			buildConfigurations = (
				2744B34724411C1D00BF5501 /* Debug */,
				2744B34824411C1D00BF5501 /* Release */,
			);
			defaultConfigurationIsVisible = 0;
			defaultConfigurationName = Release;
		};
		2744B34924411C1D00BF5501 /* Build configuration list for PBXNativeTarget "MemeProject" */ = {
			isa = XCConfigurationList;
			buildConfigurations = (
				2744B34A24411C1D00BF5501 /* Debug */,
				2744B34B24411C1D00BF5501 /* Release */,
			);
			defaultConfigurationIsVisible = 0;
			defaultConfigurationName = Release;
		};
/* End XCConfigurationList section */
	};
	rootObject = 2744B32D24411BE000BF5501 /* Project object */;
}
